
Microsoft Visual Studio Solution File, Format Version 12.00
# Visual Studio 14
VisualStudioVersion = 14.0.25420.1
MinimumVisualStudioVersion = 10.0.40219.1
Project("{FAE04EC0-301F-11D3-BF4B-00C04F79EFBC}") = "CandidateTracker", "CandidateTracker\CandidateTracker.csproj", "{90EF5F28-45A7-4093-A1EC-A14A4EDCCC79}"
EndProject
Project("{FAE04EC0-301F-11D3-BF4B-00C04F79EFBC}") = "Candidates.Data", "Candidates.Data\Candidates.Data.csproj", "{0DDE9D8E-68EE-4607-B68F-B8F13EE7B644}"
EndProject
Global
	GlobalSection(SolutionConfigurationPlatforms) = preSolution
		Debug|Any CPU = Debug|Any CPU
		Release|Any CPU = Release|Any CPU
	EndGlobalSection
	GlobalSection(ProjectConfigurationPlatforms) = postSolution
		{90EF5F28-45A7-4093-A1EC-A14A4EDCCC79}.Debug|Any CPU.ActiveCfg = Debug|Any CPU
		{90EF5F28-45A7-4093-A1EC-A14A4EDCCC79}.Debug|Any CPU.Build.0 = Debug|Any CPU
		{90EF5F28-45A7-4093-A1EC-A14A4EDCCC79}.Release|Any CPU.ActiveCfg = Release|Any CPU
		{90EF5F28-45A7-4093-A1EC-A14A4EDCCC79}.Release|Any CPU.Build.0 = Release|Any CPU
		{0DDE9D8E-68EE-4607-B68F-B8F13EE7B644}.Debug|Any CPU.ActiveCfg = Debug|Any CPU
		{0DDE9D8E-68EE-4607-B68F-B8F13EE7B644}.Debug|Any CPU.Build.0 = Debug|Any CPU
		{0DDE9D8E-68EE-4607-B68F-B8F13EE7B644}.Release|Any CPU.ActiveCfg = Release|Any CPU
		{0DDE9D8E-68EE-4607-B68F-B8F13EE7B644}.Release|Any CPU.Build.0 = Release|Any CPU
	EndGlobalSection
	GlobalSection(SolutionProperties) = preSolution
		HideSolutionNode = FALSE
	EndGlobalSection
EndGlobal
